{
    "_readme": [
        "This file locks the dependencies of your project to a known state",
        "Read more about it at https://getcomposer.org/doc/01-basic-usage.md#installing-dependencies",
        "This file is @generated automatically"
    ],
    "content-hash": "0d9817621ee0fa4402373e5607f915f8",
    "packages": [
        {
            "name": "google/protobuf",
            "version": "v4.30.2",
            "source": {
                "type": "git",
                "url": "https://github.com/protocolbuffers/protobuf-php.git",
                "reference": "a4c4d8565b40b9f76debc9dfeb221412eacb8ced"
            },
            "dist": {
                "type": "zip",
                "url": "https://api.github.com/repos/protocolbuffers/protobuf-php/zipball/a4c4d8565b40b9f76debc9dfeb221412eacb8ced",
                "reference": "a4c4d8565b40b9f76debc9dfeb221412eacb8ced",
                "shasum": ""
            },
            "require": {
                "php": ">=7.0.0"
            },
            "require-dev": {
                "phpunit/phpunit": ">=5.0.0"
            },
            "suggest": {
                "ext-bcmath": "Need to support JSON deserialization"
            },
            "type": "library",
            "autoload": {
                "psr-4": {
                    "Google\\Protobuf\\": "src/Google/Protobuf",
                    "GPBMetadata\\Google\\Protobuf\\": "src/GPBMetadata/Google/Protobuf"
                }
            },
            "notification-url": "https://packagist.org/downloads/",
            "license": [
                "BSD-3-Clause"
            ],
            "description": "proto library for PHP",
            "homepage": "https://developers.google.com/protocol-buffers/",
            "keywords": [
                "proto"
            ],
            "support": {
                "source": "https://github.com/protocolbuffers/protobuf-php/tree/v4.30.2"
            },
            "time": "2025-03-26T18:01:50+00:00"
        },
        {
            "name": "nyholm/psr7",
            "version": "1.8.2",
            "source": {
                "type": "git",
                "url": "https://github.com/Nyholm/psr7.git",
                "reference": "a71f2b11690f4b24d099d6b16690a90ae14fc6f3"
            },
            "dist": {
                "type": "zip",
                "url": "https://api.github.com/repos/Nyholm/psr7/zipball/a71f2b11690f4b24d099d6b16690a90ae14fc6f3",
                "reference": "a71f2b11690f4b24d099d6b16690a90ae14fc6f3",
                "shasum": ""
            },
            "require": {
                "php": ">=7.2",
                "psr/http-factory": "^1.0",
                "psr/http-message": "^1.1 || ^2.0"
            },
            "provide": {
                "php-http/message-factory-implementation": "1.0",
                "psr/http-factory-implementation": "1.0",
                "psr/http-message-implementation": "1.0"
            },
            "require-dev": {
                "http-interop/http-factory-tests": "^0.9",
                "php-http/message-factory": "^1.0",
                "php-http/psr7-integration-tests": "^1.0",
                "phpunit/phpunit": "^7.5 || ^8.5 || ^9.4",
                "symfony/error-handler": "^4.4"
            },
            "type": "library",
            "extra": {
                "branch-alias": {
                    "dev-master": "1.8-dev"
                }
            },
            "autoload": {
                "psr-4": {
                    "Nyholm\\Psr7\\": "src/"
                }
            },
            "notification-url": "https://packagist.org/downloads/",
            "license": [
                "MIT"
            ],
            "authors": [
                {
                    "name": "Tobias Nyholm",
                    "email": "tobias.nyholm@gmail.com"
                },
                {
                    "name": "Martijn van der Ven",
                    "email": "martijn@vanderven.se"
                }
            ],
            "description": "A fast PHP7 implementation of PSR-7",
            "homepage": "https://tnyholm.se",
            "keywords": [
                "psr-17",
                "psr-7"
            ],
            "support": {
                "issues": "https://github.com/Nyholm/psr7/issues",
                "source": "https://github.com/Nyholm/psr7/tree/1.8.2"
            },
            "funding": [
                {
                    "url": "https://github.com/Zegnat",
                    "type": "github"
                },
                {
                    "url": "https://github.com/nyholm",
                    "type": "github"
                }
            ],
            "time": "2024-09-09T07:06:30+00:00"
        },
        {
            "name": "psr/http-factory",
            "version": "1.1.0",
            "source": {
                "type": "git",
                "url": "https://github.com/php-fig/http-factory.git",
                "reference": "2b4765fddfe3b508ac62f829e852b1501d3f6e8a"
            },
            "dist": {
                "type": "zip",
                "url": "https://api.github.com/repos/php-fig/http-factory/zipball/2b4765fddfe3b508ac62f829e852b1501d3f6e8a",
                "reference": "2b4765fddfe3b508ac62f829e852b1501d3f6e8a",
                "shasum": ""
            },
            "require": {
                "php": ">=7.1",
                "psr/http-message": "^1.0 || ^2.0"
            },
            "type": "library",
            "extra": {
                "branch-alias": {
                    "dev-master": "1.0.x-dev"
                }
            },
            "autoload": {
                "psr-4": {
                    "Psr\\Http\\Message\\": "src/"
                }
            },
            "notification-url": "https://packagist.org/downloads/",
            "license": [
                "MIT"
            ],
            "authors": [
                {
                    "name": "PHP-FIG",
                    "homepage": "https://www.php-fig.org/"
                }
            ],
            "description": "PSR-17: Common interfaces for PSR-7 HTTP message factories",
            "keywords": [
                "factory",
                "http",
                "message",
                "psr",
                "psr-17",
                "psr-7",
                "request",
                "response"
            ],
            "support": {
                "source": "https://github.com/php-fig/http-factory"
            },
            "time": "2024-04-15T12:06:14+00:00"
        },
        {
            "name": "psr/http-message",
            "version": "2.0",
            "source": {
                "type": "git",
                "url": "https://github.com/php-fig/http-message.git",
                "reference": "402d35bcb92c70c026d1a6a9883f06b2ead23d71"
            },
            "dist": {
                "type": "zip",
                "url": "https://api.github.com/repos/php-fig/http-message/zipball/402d35bcb92c70c026d1a6a9883f06b2ead23d71",
                "reference": "402d35bcb92c70c026d1a6a9883f06b2ead23d71",
                "shasum": ""
            },
            "require": {
                "php": "^7.2 || ^8.0"
            },
            "type": "library",
            "extra": {
                "branch-alias": {
                    "dev-master": "2.0.x-dev"
                }
            },
            "autoload": {
                "psr-4": {
                    "Psr\\Http\\Message\\": "src/"
                }
            },
            "notification-url": "https://packagist.org/downloads/",
            "license": [
                "MIT"
            ],
            "authors": [
                {
                    "name": "PHP-FIG",
                    "homepage": "https://www.php-fig.org/"
                }
            ],
            "description": "Common interface for HTTP messages",
            "homepage": "https://github.com/php-fig/http-message",
            "keywords": [
                "http",
                "http-message",
                "psr",
                "psr-7",
                "request",
                "response"
            ],
            "support": {
                "source": "https://github.com/php-fig/http-message/tree/2.0"
            },
            "time": "2023-04-04T09:54:51+00:00"
        },
        {
            "name": "psr/log",
            "version": "3.0.2",
            "source": {
                "type": "git",
                "url": "https://github.com/php-fig/log.git",
                "reference": "f16e1d5863e37f8d8c2a01719f5b34baa2b714d3"
            },
            "dist": {
                "type": "zip",
                "url": "https://api.github.com/repos/php-fig/log/zipball/f16e1d5863e37f8d8c2a01719f5b34baa2b714d3",
                "reference": "f16e1d5863e37f8d8c2a01719f5b34baa2b714d3",
                "shasum": ""
            },
            "require": {
                "php": ">=8.0.0"
            },
            "type": "library",
            "extra": {
                "branch-alias": {
                    "dev-master": "3.x-dev"
                }
            },
            "autoload": {
                "psr-4": {
                    "Psr\\Log\\": "src"
                }
            },
            "notification-url": "https://packagist.org/downloads/",
            "license": [
                "MIT"
            ],
            "authors": [
                {
                    "name": "PHP-FIG",
                    "homepage": "https://www.php-fig.org/"
                }
            ],
            "description": "Common interface for logging libraries",
            "homepage": "https://github.com/php-fig/log",
            "keywords": [
                "log",
                "psr",
                "psr-3"
            ],
            "support": {
                "source": "https://github.com/php-fig/log/tree/3.0.2"
            },
            "time": "2024-09-11T13:17:53+00:00"
        },
        {
            "name": "roadrunner-php/roadrunner-api-dto",
            "version": "v1.12.0",
            "source": {
                "type": "git",
                "url": "https://github.com/roadrunner-php/roadrunner-api-dto.git",
                "reference": "45f5726c2a55e293c6604a233212b6394ef36e2f"
            },
            "dist": {
                "type": "zip",
                "url": "https://api.github.com/repos/roadrunner-php/roadrunner-api-dto/zipball/45f5726c2a55e293c6604a233212b6394ef36e2f",
                "reference": "45f5726c2a55e293c6604a233212b6394ef36e2f",
                "shasum": ""
            },
            "require": {
                "google/protobuf": "^3.22 || ^4.0",
                "php": "^8.1"
            },
            "conflict": {
                "temporal/sdk": "<2.9.0"
            },
            "suggest": {
                "google/common-protos": "Required for Temporal API"
            },
            "type": "library",
            "autoload": {
                "psr-4": {
                    "Temporal\\": "generated/Temporal",
                    "RoadRunner\\": "generated/RoadRunner",
                    "GPBMetadata\\": "generated/GPBMetadata"
                }
            },
            "notification-url": "https://packagist.org/downloads/",
            "license": [
                "MIT"
            ],
            "authors": [
                {
                    "name": "Pavel Butchnev (butschster)",
                    "email": "pavel.buchnev@spiralscout.com"
                },
                {
                    "name": "Aleksei Gagarin (roxblnfk)",
                    "email": "alexey.gagarin@spiralscout.com"
                },
                {
                    "name": "RoadRunner Community",
                    "homepage": "https://github.com/roadrunner-server/roadrunner/graphs/contributors"
                }
            ],
            "description": "RoadRunner PHP API",
            "homepage": "https://roadrunner.dev",
            "support": {
                "chat": "https://discord.gg/V6EK4he",
                "docs": "https://docs.roadrunner.dev",
                "forum": "https://forum.roadrunner.dev",
                "issues": "https://github.com/roadrunner-server/roadrunner/issues",
                "source": "https://github.com/roadrunner-php/roadrunner-api-dto/tree/v1.12.0"
            },
            "funding": [
                {
                    "url": "https://github.com/sponsors/roadrunner-server",
                    "type": "github"
                }
            ],
            "time": "2025-05-05T14:38:45+00:00"
        },
        {
            "name": "spiral/goridge",
            "version": "4.2.1",
            "source": {
                "type": "git",
                "url": "https://github.com/roadrunner-php/goridge.git",
                "reference": "2a372118dac1f0c0511e2862f963ce649fefd9fa"
            },
            "dist": {
                "type": "zip",
                "url": "https://api.github.com/repos/roadrunner-php/goridge/zipball/2a372118dac1f0c0511e2862f963ce649fefd9fa",
                "reference": "2a372118dac1f0c0511e2862f963ce649fefd9fa",
                "shasum": ""
            },
            "require": {
                "ext-json": "*",
                "ext-sockets": "*",
                "php": ">=8.1",
                "spiral/roadrunner": "^2023 || ^2024.1 || ^2025.1"
            },
            "require-dev": {
                "google/protobuf": "^3.22 || ^4.0",
                "infection/infection": "^0.29.0",
                "jetbrains/phpstorm-attributes": "^1.0",
                "phpunit/phpunit": "^10.5.45",
                "rybakit/msgpack": "^0.7",
                "spiral/code-style": "*",
                "vimeo/psalm": "^6.0"
            },
            "suggest": {
                "ext-msgpack": "MessagePack codec support",
                "ext-protobuf": "Protobuf codec support",
                "google/protobuf": "(^3.0) Protobuf codec support",
                "rybakit/msgpack": "(^0.7) MessagePack codec support"
            },
            "type": "goridge",
            "autoload": {
                "psr-4": {
                    "Spiral\\Goridge\\": "src"
                }
            },
            "notification-url": "https://packagist.org/downloads/",
            "license": [
                "MIT"
            ],
            "authors": [
                {
                    "name": "Anton Titov (wolfy-j)",
                    "email": "wolfy-j@spiralscout.com"
                },
                {
                    "name": "Valery Piashchynski",
                    "homepage": "https://github.com/rustatian"
                },
                {
                    "name": "Aleksei Gagarin (roxblnfk)",
                    "homepage": "https://github.com/roxblnfk"
                },
                {
                    "name": "Pavel Buchnev (butschster)",
                    "email": "pavel.buchnev@spiralscout.com"
                },
                {
                    "name": "Maksim Smakouz (msmakouz)",
                    "email": "maksim.smakouz@spiralscout.com"
                },
                {
                    "name": "RoadRunner Community",
                    "homepage": "https://github.com/roadrunner-server/roadrunner/graphs/contributors"
                }
            ],
            "description": "High-performance PHP-to-Golang RPC bridge",
            "homepage": "https://spiral.dev/",
            "support": {
                "chat": "https://discord.gg/V6EK4he",
                "docs": "https://docs.roadrunner.dev",
                "issues": "https://github.com/roadrunner-server/roadrunner/issues",
                "source": "https://github.com/roadrunner-php/goridge/tree/4.2.1"
            },
            "funding": [
                {
                    "url": "https://github.com/sponsors/roadrunner-server",
                    "type": "github"
                }
            ],
            "time": "2025-05-05T13:55:33+00:00"
        },
        {
            "name": "spiral/roadrunner",
            "version": "v2025.1.1",
            "source": {
                "type": "git",
                "url": "https://github.com/roadrunner-server/roadrunner.git",
                "reference": "10289dc36b062bc7778992a80d7409b35194a159"
            },
            "dist": {
                "type": "zip",
                "url": "https://api.github.com/repos/roadrunner-server/roadrunner/zipball/10289dc36b062bc7778992a80d7409b35194a159",
                "reference": "10289dc36b062bc7778992a80d7409b35194a159",
                "shasum": ""
            },
            "type": "metapackage",
            "notification-url": "https://packagist.org/downloads/",
            "license": [
                "MIT"
            ],
            "authors": [
                {
                    "name": "Anton Titov / Wolfy-J",
                    "email": "wolfy.jd@gmail.com"
                },
                {
                    "name": "Valery Piashchynski",
                    "homepage": "https://github.com/rustatian"
                },
                {
                    "name": "RoadRunner Community",
                    "homepage": "https://github.com/roadrunner-server/roadrunner/graphs/contributors"
                }
            ],
            "description": "RoadRunner: High-performance PHP application server and process manager written in Go and powered with plugins",
            "homepage": "https://roadrunner.dev/",
            "support": {
                "chat": "https://discord.gg/V6EK4he",
                "docs": "https://roadrunner.dev/docs",
                "forum": "https://forum.roadrunner.dev/",
                "issues": "https://github.com/roadrunner-server/roadrunner/issues",
                "source": "https://github.com/roadrunner-server/roadrunner/tree/v2025.1.1"
            },
            "funding": [
                {
                    "url": "https://github.com/sponsors/roadrunner-server",
                    "type": "github"
                }
            ],
            "time": "2025-05-01T14:08:49+00:00"
        },
        {
            "name": "spiral/roadrunner-http",
            "version": "v3.5.2",
            "source": {
                "type": "git",
                "url": "https://github.com/roadrunner-php/http.git",
                "reference": "c00ab7afd289df7a6b49f9ef07ce57dcb8020df1"
            },
            "dist": {
                "type": "zip",
                "url": "https://api.github.com/repos/roadrunner-php/http/zipball/c00ab7afd289df7a6b49f9ef07ce57dcb8020df1",
                "reference": "c00ab7afd289df7a6b49f9ef07ce57dcb8020df1",
                "shasum": ""
            },
            "require": {
                "ext-json": "*",
                "php": ">=8.1",
                "psr/http-factory": "^1.0.1",
                "psr/http-message": "^1.0.1 || ^2.0",
                "roadrunner-php/roadrunner-api-dto": "^1.6",
                "spiral/roadrunner": "^2023.3 || ^2024.1 || ^2025.1",
                "spiral/roadrunner-worker": "^3.5",
                "symfony/polyfill-php83": "^1.29"
            },
            "require-dev": {
                "jetbrains/phpstorm-attributes": "^1.0",
                "nyholm/psr7": "^1.3",
                "phpunit/phpunit": "^10.0",
                "symfony/process": "^6.2 || ^7.0",
                "vimeo/psalm": "^5.9"
            },
            "suggest": {
                "ext-protobuf": "Provides Protocol Buffers support. Without it, performance will be lower.",
                "spiral/roadrunner-cli": "Provides RoadRunner installation and management CLI tools"
            },
            "type": "library",
            "autoload": {
                "psr-4": {
                    "Spiral\\RoadRunner\\Http\\": "src"
                }
            },
            "notification-url": "https://packagist.org/downloads/",
            "license": [
                "MIT"
            ],
            "authors": [
                {
                    "name": "Anton Titov (wolfy-j)",
                    "email": "wolfy-j@spiralscout.com"
                },
                {
                    "name": "Valery Piashchynski",
                    "homepage": "https://github.com/rustatian"
                },
                {
                    "name": "Aleksei Gagarin (roxblnfk)",
                    "homepage": "https://github.com/roxblnfk"
                },
                {
                    "name": "Pavel Buchnev (butschster)",
                    "email": "pavel.buchnev@spiralscout.com"
                },
                {
                    "name": "Maksim Smakouz (msmakouz)",
                    "email": "maksim.smakouz@spiralscout.com"
                },
                {
                    "name": "RoadRunner Community",
                    "homepage": "https://github.com/roadrunner-server/roadrunner/graphs/contributors"
                }
            ],
            "description": "RoadRunner: HTTP and PSR-7 worker",
            "homepage": "https://spiral.dev/",
            "support": {
                "chat": "https://discord.gg/V6EK4he",
                "docs": "https://docs.roadrunner.dev",
                "forum": "https://forum.roadrunner.dev/",
                "issues": "https://github.com/roadrunner-server/roadrunner/issues",
                "source": "https://github.com/roadrunner-php/http/tree/v3.5.2"
            },
            "funding": [
                {
                    "url": "https://github.com/sponsors/roadrunner-server",
                    "type": "github"
                }
            ],
            "time": "2025-05-13T09:40:10+00:00"
        },
        {
            "name": "spiral/roadrunner-worker",
            "version": "v3.6.2",
            "source": {
                "type": "git",
                "url": "https://github.com/roadrunner-php/worker.git",
                "reference": "8d9905b1e6677f34ff8623893f35b5e2fa828e37"
            },
            "dist": {
                "type": "zip",
                "url": "https://api.github.com/repos/roadrunner-php/worker/zipball/8d9905b1e6677f34ff8623893f35b5e2fa828e37",
                "reference": "8d9905b1e6677f34ff8623893f35b5e2fa828e37",
                "shasum": ""
            },
            "require": {
                "composer-runtime-api": "^2.0",
                "ext-json": "*",
                "ext-sockets": "*",
                "php": ">=8.1",
                "psr/log": "^2.0 || ^3.0",
                "spiral/goridge": "^4.1.0",
                "spiral/roadrunner": "^2023.1 || ^2024.1 || ^2025.1"
            },
            "require-dev": {
                "buggregator/trap": "^1.13",
                "jetbrains/phpstorm-attributes": "^1.0",
                "phpunit/phpunit": "^10.5.45",
                "spiral/code-style": "^2.2",
                "vimeo/psalm": "^6.0"
            },
            "suggest": {
                "spiral/roadrunner-cli": "Provides RoadRunner installation and management CLI tools"
            },
            "type": "library",
            "autoload": {
                "psr-4": {
                    "Spiral\\RoadRunner\\": "src"
                }
            },
            "notification-url": "https://packagist.org/downloads/",
            "license": [
                "MIT"
            ],
            "authors": [
                {
                    "name": "Anton Titov (wolfy-j)",
                    "email": "wolfy-j@spiralscout.com"
                },
                {
                    "name": "Valery Piashchynski",
                    "homepage": "https://github.com/rustatian"
                },
                {
                    "name": "Aleksei Gagarin (roxblnfk)",
                    "homepage": "https://github.com/roxblnfk"
                },
                {
                    "name": "Pavel Buchnev (butschster)",
                    "email": "pavel.buchnev@spiralscout.com"
                },
                {
                    "name": "Maksim Smakouz (msmakouz)",
                    "email": "maksim.smakouz@spiralscout.com"
                },
                {
                    "name": "RoadRunner Community",
                    "homepage": "https://github.com/roadrunner-server/roadrunner/graphs/contributors"
                }
            ],
            "description": "RoadRunner: PHP worker",
            "homepage": "https://spiral.dev/",
            "support": {
                "chat": "https://discord.gg/V6EK4he",
                "docs": "https://docs.roadrunner.dev",
                "issues": "https://github.com/roadrunner-server/roadrunner/issues",
                "source": "https://github.com/roadrunner-php/worker/tree/v3.6.2"
            },
            "funding": [
                {
                    "url": "https://github.com/sponsors/roadrunner-server",
                    "type": "github"
                }
            ],
            "time": "2025-05-05T12:34:50+00:00"
        },
        {
            "name": "symfony/polyfill-php83",
            "version": "v1.32.0",
            "source": {
                "type": "git",
                "url": "https://github.com/symfony/polyfill-php83.git",
                "reference": "2fb86d65e2d424369ad2905e83b236a8805ba491"
            },
            "dist": {
                "type": "zip",
                "url": "https://api.github.com/repos/symfony/polyfill-php83/zipball/2fb86d65e2d424369ad2905e83b236a8805ba491",
                "reference": "2fb86d65e2d424369ad2905e83b236a8805ba491",
                "shasum": ""
            },
            "require": {
                "php": ">=7.2"
            },
            "type": "library",
            "extra": {
                "thanks": {
                    "url": "https://github.com/symfony/polyfill",
                    "name": "symfony/polyfill"
                }
            },
            "autoload": {
                "files": [
                    "bootstrap.php"
                ],
                "psr-4": {
                    "Symfony\\Polyfill\\Php83\\": ""
                },
                "classmap": [
                    "Resources/stubs"
                ]
            },
            "notification-url": "https://packagist.org/downloads/",
            "license": [
                "MIT"
            ],
            "authors": [
                {
                    "name": "Nicolas Grekas",
                    "email": "p@tchwork.com"
                },
                {
                    "name": "Symfony Community",
                    "homepage": "https://symfony.com/contributors"
                }
            ],
            "description": "Symfony polyfill backporting some PHP 8.3+ features to lower PHP versions",
            "homepage": "https://symfony.com",
            "keywords": [
                "compatibility",
                "polyfill",
                "portable",
                "shim"
            ],
            "support": {
                "source": "https://github.com/symfony/polyfill-php83/tree/v1.32.0"
            },
            "funding": [
                {
                    "url": "https://symfony.com/sponsor",
                    "type": "custom"
                },
                {
                    "url": "https://github.com/fabpot",
                    "type": "github"
                },
                {
                    "url": "https://tidelift.com/funding/github/packagist/symfony/symfony",
                    "type": "tidelift"
                }
            ],
            "time": "2024-09-09T11:45:10+00:00"
        }
    ],
    "packages-dev": [],
    "aliases": [],
    "minimum-stability": "stable",
    "stability-flags": {},
    "prefer-stable": false,
    "prefer-lowest": false,
    "platform": {
        "php": "^8.4"
    },
    "platform-dev": {},
    "plugin-api-version": "2.6.0"
}
